
Microsoft Visual Studio Solution File, Format Version 12.00
# Visual Studio Version 17
VisualStudioVersion = 17.14.36616.10 d17.14
MinimumVisualStudioVersion = 10.0.40219.1
Project("{FAE04EC0-301F-11D3-BF4B-00C04F79EFBC}") = "init", "init\init.csproj", "{ADA9F175-D7AD-4A02-BFA0-B34FBD403FEB}"
EndProject
Global
	GlobalSection(SolutionConfigurationPlatforms) = preSolution
		Debug|Any CPU = Debug|Any CPU
		Release|Any CPU = Release|Any CPU
	EndGlobalSection
	GlobalSection(ProjectConfigurationPlatforms) = postSolution
		{ADA9F175-D7AD-4A02-BFA0-B34FBD403FEB}.Debug|Any CPU.ActiveCfg = Debug|Any CPU
		{ADA9F175-D7AD-4A02-BFA0-B34FBD403FEB}.Debug|Any CPU.Build.0 = Debug|Any CPU
		{ADA9F175-D7AD-4A02-BFA0-B34FBD403FEB}.Release|Any CPU.ActiveCfg = Release|Any CPU
		{ADA9F175-D7AD-4A02-BFA0-B34FBD403FEB}.Release|Any CPU.Build.0 = Release|Any CPU
	EndGlobalSection
	GlobalSection(SolutionProperties) = preSolution
		HideSolutionNode = FALSE
	EndGlobalSection
	GlobalSection(ExtensibilityGlobals) = postSolution
		SolutionGuid = {26668BE6-B38F-41B5-868B-AF013D80EF8F}
	EndGlobalSection
EndGlobal
